
Microsoft Visual Studio Solution File, Format Version 12.00
# Visual Studio Version 16
VisualStudioVersion = 16.0.29613.14
MinimumVisualStudioVersion = 10.0.40219.1
Project("{FAE04EC0-301F-11D3-BF4B-00C04F79EFBC}") = "DataJuggler.Net.Cryptography", "DataJuggler.Net.Cryptography.csproj", "{889D2FD7-3ACB-4A8E-8C38-2615CFFB835F}"
EndProject
Global
	GlobalSection(SolutionConfigurationPlatforms) = preSolution
		Debug|Any CPU = Debug|Any CPU
		Release|Any CPU = Release|Any CPU
	EndGlobalSection
	GlobalSection(ProjectConfigurationPlatforms) = postSolution
		{889D2FD7-3ACB-4A8E-8C38-2615CFFB835F}.Debug|Any CPU.ActiveCfg = Debug|Any CPU
		{889D2FD7-3ACB-4A8E-8C38-2615CFFB835F}.Debug|Any CPU.Build.0 = Debug|Any CPU
		{889D2FD7-3ACB-4A8E-8C38-2615CFFB835F}.Release|Any CPU.ActiveCfg = Release|Any CPU
		{889D2FD7-3ACB-4A8E-8C38-2615CFFB835F}.Release|Any CPU.Build.0 = Release|Any CPU
	EndGlobalSection
	GlobalSection(SolutionProperties) = preSolution
		HideSolutionNode = FALSE
	EndGlobalSection
	GlobalSection(ExtensibilityGlobals) = postSolution
		SolutionGuid = {FBBD930F-21D3-406B-BDD4-C950E9A9445D}
	EndGlobalSection
EndGlobal
